
Microsoft Visual Studio Solution File, Format Version 12.00
# Visual Studio Version 16
VisualStudioVersion = 16.0.29215.179
MinimumVisualStudioVersion = 10.0.40219.1
Project("{FAE04EC0-301F-11D3-BF4B-00C04F79EFBC}") = "arv", "arv\arv.csproj", "{10D94F75-9F24-4F5B-97AA-B9282658D2CE}"
EndProject
Global
	GlobalSection(SolutionConfigurationPlatforms) = preSolution
		Debug|Any CPU = Debug|Any CPU
		Release|Any CPU = Release|Any CPU
	EndGlobalSection
	GlobalSection(ProjectConfigurationPlatforms) = postSolution
		{10D94F75-9F24-4F5B-97AA-B9282658D2CE}.Debug|Any CPU.ActiveCfg = Debug|Any CPU
		{10D94F75-9F24-4F5B-97AA-B9282658D2CE}.Debug|Any CPU.Build.0 = Debug|Any CPU
		{10D94F75-9F24-4F5B-97AA-B9282658D2CE}.Release|Any CPU.ActiveCfg = Release|Any CPU
		{10D94F75-9F24-4F5B-97AA-B9282658D2CE}.Release|Any CPU.Build.0 = Release|Any CPU
	EndGlobalSection
	GlobalSection(SolutionProperties) = preSolution
		HideSolutionNode = FALSE
	EndGlobalSection
	GlobalSection(ExtensibilityGlobals) = postSolution
		SolutionGuid = {8DC37B1F-CF40-4B09-AB72-A804EA7DD229}
	EndGlobalSection
EndGlobal
